
Microsoft Visual Studio Solution File, Format Version 12.00
# Visual Studio Version 17
VisualStudioVersion = 17.5.33516.290
MinimumVisualStudioVersion = 10.0.40219.1
Project("{FAE04EC0-301F-11D3-BF4B-00C04F79EFBC}") = "abstractclass", "abstractclass\abstractclass.csproj", "{2FD554C9-C249-4683-A3A3-20ACBB134ADB}"
EndProject
Global
	GlobalSection(SolutionConfigurationPlatforms) = preSolution
		Debug|Any CPU = Debug|Any CPU
		Release|Any CPU = Release|Any CPU
	EndGlobalSection
	GlobalSection(ProjectConfigurationPlatforms) = postSolution
		{2FD554C9-C249-4683-A3A3-20ACBB134ADB}.Debug|Any CPU.ActiveCfg = Debug|Any CPU
		{2FD554C9-C249-4683-A3A3-20ACBB134ADB}.Debug|Any CPU.Build.0 = Debug|Any CPU
		{2FD554C9-C249-4683-A3A3-20ACBB134ADB}.Release|Any CPU.ActiveCfg = Release|Any CPU
		{2FD554C9-C249-4683-A3A3-20ACBB134ADB}.Release|Any CPU.Build.0 = Release|Any CPU
	EndGlobalSection
	GlobalSection(SolutionProperties) = preSolution
		HideSolutionNode = FALSE
	EndGlobalSection
	GlobalSection(ExtensibilityGlobals) = postSolution
		SolutionGuid = {D14E7A8E-905F-4167-BE92-BFCC34E353FA}
	EndGlobalSection
EndGlobal
