
Microsoft Visual Studio Solution File, Format Version 12.00
# Visual Studio Version 17
VisualStudioVersion = 17.5.33516.290
MinimumVisualStudioVersion = 10.0.40219.1
Project("{FAE04EC0-301F-11D3-BF4B-00C04F79EFBC}") = "mvc2", "mvc2\mvc2.csproj", "{235FFE7D-E678-48D6-BD72-766F28A3EAE1}"
EndProject
Global
	GlobalSection(SolutionConfigurationPlatforms) = preSolution
		Debug|Any CPU = Debug|Any CPU
		Release|Any CPU = Release|Any CPU
	EndGlobalSection
	GlobalSection(ProjectConfigurationPlatforms) = postSolution
		{235FFE7D-E678-48D6-BD72-766F28A3EAE1}.Debug|Any CPU.ActiveCfg = Debug|Any CPU
		{235FFE7D-E678-48D6-BD72-766F28A3EAE1}.Debug|Any CPU.Build.0 = Debug|Any CPU
		{235FFE7D-E678-48D6-BD72-766F28A3EAE1}.Release|Any CPU.ActiveCfg = Release|Any CPU
		{235FFE7D-E678-48D6-BD72-766F28A3EAE1}.Release|Any CPU.Build.0 = Release|Any CPU
	EndGlobalSection
	GlobalSection(SolutionProperties) = preSolution
		HideSolutionNode = FALSE
	EndGlobalSection
	GlobalSection(ExtensibilityGlobals) = postSolution
		SolutionGuid = {809E42F7-2A6A-49A7-B46D-C5DBB85C51F5}
	EndGlobalSection
EndGlobal
