
Microsoft Visual Studio Solution File, Format Version 12.00
# Visual Studio Version 17
VisualStudioVersion = 17.5.33516.290
MinimumVisualStudioVersion = 10.0.40219.1
Project("{FAE04EC0-301F-11D3-BF4B-00C04F79EFBC}") = "Namespace", "Namespace\Namespace.csproj", "{806B61E8-472B-4443-821B-02F7F3E9B1A6}"
EndProject
Global
	GlobalSection(SolutionConfigurationPlatforms) = preSolution
		Debug|Any CPU = Debug|Any CPU
		Release|Any CPU = Release|Any CPU
	EndGlobalSection
	GlobalSection(ProjectConfigurationPlatforms) = postSolution
		{806B61E8-472B-4443-821B-02F7F3E9B1A6}.Debug|Any CPU.ActiveCfg = Debug|Any CPU
		{806B61E8-472B-4443-821B-02F7F3E9B1A6}.Debug|Any CPU.Build.0 = Debug|Any CPU
		{806B61E8-472B-4443-821B-02F7F3E9B1A6}.Release|Any CPU.ActiveCfg = Release|Any CPU
		{806B61E8-472B-4443-821B-02F7F3E9B1A6}.Release|Any CPU.Build.0 = Release|Any CPU
	EndGlobalSection
	GlobalSection(SolutionProperties) = preSolution
		HideSolutionNode = FALSE
	EndGlobalSection
	GlobalSection(ExtensibilityGlobals) = postSolution
		SolutionGuid = {67E58C16-0912-49FB-8831-983E9E1DEAEB}
	EndGlobalSection
EndGlobal
