
Microsoft Visual Studio Solution File, Format Version 12.00
# Visual Studio Version 17
VisualStudioVersion = 17.5.33516.290
MinimumVisualStudioVersion = 10.0.40219.1
Project("{FAE04EC0-301F-11D3-BF4B-00C04F79EFBC}") = "powof2", "powof2\powof2.csproj", "{94AC455D-A7B3-4538-A331-4B80495A919D}"
EndProject
Global
	GlobalSection(SolutionConfigurationPlatforms) = preSolution
		Debug|Any CPU = Debug|Any CPU
		Release|Any CPU = Release|Any CPU
	EndGlobalSection
	GlobalSection(ProjectConfigurationPlatforms) = postSolution
		{94AC455D-A7B3-4538-A331-4B80495A919D}.Debug|Any CPU.ActiveCfg = Debug|Any CPU
		{94AC455D-A7B3-4538-A331-4B80495A919D}.Debug|Any CPU.Build.0 = Debug|Any CPU
		{94AC455D-A7B3-4538-A331-4B80495A919D}.Release|Any CPU.ActiveCfg = Release|Any CPU
		{94AC455D-A7B3-4538-A331-4B80495A919D}.Release|Any CPU.Build.0 = Release|Any CPU
	EndGlobalSection
	GlobalSection(SolutionProperties) = preSolution
		HideSolutionNode = FALSE
	EndGlobalSection
	GlobalSection(ExtensibilityGlobals) = postSolution
		SolutionGuid = {8334E018-4E11-445F-BA6A-F6944E8C979B}
	EndGlobalSection
EndGlobal
