
Microsoft Visual Studio Solution File, Format Version 12.00
# Visual Studio Version 17
VisualStudioVersion = 17.5.33516.290
MinimumVisualStudioVersion = 10.0.40219.1
Project("{FAE04EC0-301F-11D3-BF4B-00C04F79EFBC}") = "number check", "number check\number check.csproj", "{2EF1D1D0-7FFA-4C27-847E-1720459670F8}"
EndProject
Global
	GlobalSection(SolutionConfigurationPlatforms) = preSolution
		Debug|Any CPU = Debug|Any CPU
		Release|Any CPU = Release|Any CPU
	EndGlobalSection
	GlobalSection(ProjectConfigurationPlatforms) = postSolution
		{2EF1D1D0-7FFA-4C27-847E-1720459670F8}.Debug|Any CPU.ActiveCfg = Debug|Any CPU
		{2EF1D1D0-7FFA-4C27-847E-1720459670F8}.Debug|Any CPU.Build.0 = Debug|Any CPU
		{2EF1D1D0-7FFA-4C27-847E-1720459670F8}.Release|Any CPU.ActiveCfg = Release|Any CPU
		{2EF1D1D0-7FFA-4C27-847E-1720459670F8}.Release|Any CPU.Build.0 = Release|Any CPU
	EndGlobalSection
	GlobalSection(SolutionProperties) = preSolution
		HideSolutionNode = FALSE
	EndGlobalSection
	GlobalSection(ExtensibilityGlobals) = postSolution
		SolutionGuid = {E16FF5F8-3719-48F4-BF33-13A6B9F7E8C5}
	EndGlobalSection
EndGlobal
