
Microsoft Visual Studio Solution File, Format Version 12.00
# Visual Studio Version 17
VisualStudioVersion = 17.5.33516.290
MinimumVisualStudioVersion = 10.0.40219.1
Project("{FAE04EC0-301F-11D3-BF4B-00C04F79EFBC}") = "average", "average\average.csproj", "{B7DAE259-1AB5-4A4A-95EE-D407AA44D88F}"
EndProject
Global
	GlobalSection(SolutionConfigurationPlatforms) = preSolution
		Debug|Any CPU = Debug|Any CPU
		Release|Any CPU = Release|Any CPU
	EndGlobalSection
	GlobalSection(ProjectConfigurationPlatforms) = postSolution
		{B7DAE259-1AB5-4A4A-95EE-D407AA44D88F}.Debug|Any CPU.ActiveCfg = Debug|Any CPU
		{B7DAE259-1AB5-4A4A-95EE-D407AA44D88F}.Debug|Any CPU.Build.0 = Debug|Any CPU
		{B7DAE259-1AB5-4A4A-95EE-D407AA44D88F}.Release|Any CPU.ActiveCfg = Release|Any CPU
		{B7DAE259-1AB5-4A4A-95EE-D407AA44D88F}.Release|Any CPU.Build.0 = Release|Any CPU
	EndGlobalSection
	GlobalSection(SolutionProperties) = preSolution
		HideSolutionNode = FALSE
	EndGlobalSection
	GlobalSection(ExtensibilityGlobals) = postSolution
		SolutionGuid = {6FFA5124-5FC2-4FDF-B30F-C13211BABEF8}
	EndGlobalSection
EndGlobal
