
Microsoft Visual Studio Solution File, Format Version 12.00
# Visual Studio Version 17
VisualStudioVersion = 17.5.33516.290
MinimumVisualStudioVersion = 10.0.40219.1
Project("{FAE04EC0-301F-11D3-BF4B-00C04F79EFBC}") = "debugging", "debugging\debugging.csproj", "{19BB5DCA-24EA-4ECE-95A5-D77180B138CF}"
EndProject
Global
	GlobalSection(SolutionConfigurationPlatforms) = preSolution
		Debug|Any CPU = Debug|Any CPU
		Release|Any CPU = Release|Any CPU
	EndGlobalSection
	GlobalSection(ProjectConfigurationPlatforms) = postSolution
		{19BB5DCA-24EA-4ECE-95A5-D77180B138CF}.Debug|Any CPU.ActiveCfg = Debug|Any CPU
		{19BB5DCA-24EA-4ECE-95A5-D77180B138CF}.Debug|Any CPU.Build.0 = Debug|Any CPU
		{19BB5DCA-24EA-4ECE-95A5-D77180B138CF}.Release|Any CPU.ActiveCfg = Release|Any CPU
		{19BB5DCA-24EA-4ECE-95A5-D77180B138CF}.Release|Any CPU.Build.0 = Release|Any CPU
	EndGlobalSection
	GlobalSection(SolutionProperties) = preSolution
		HideSolutionNode = FALSE
	EndGlobalSection
	GlobalSection(ExtensibilityGlobals) = postSolution
		SolutionGuid = {CDF4B7BE-B8E0-4AD5-82A8-7E14CB5DADC6}
	EndGlobalSection
EndGlobal
