
Microsoft Visual Studio Solution File, Format Version 12.00
# Visual Studio Version 17
VisualStudioVersion = 17.5.33516.290
MinimumVisualStudioVersion = 10.0.40219.1
Project("{FAE04EC0-301F-11D3-BF4B-00C04F79EFBC}") = "accounts", "accounts\accounts.csproj", "{786774CB-600A-498E-89AB-3D165D9771D9}"
EndProject
Global
	GlobalSection(SolutionConfigurationPlatforms) = preSolution
		Debug|Any CPU = Debug|Any CPU
		Release|Any CPU = Release|Any CPU
	EndGlobalSection
	GlobalSection(ProjectConfigurationPlatforms) = postSolution
		{786774CB-600A-498E-89AB-3D165D9771D9}.Debug|Any CPU.ActiveCfg = Debug|Any CPU
		{786774CB-600A-498E-89AB-3D165D9771D9}.Debug|Any CPU.Build.0 = Debug|Any CPU
		{786774CB-600A-498E-89AB-3D165D9771D9}.Release|Any CPU.ActiveCfg = Release|Any CPU
		{786774CB-600A-498E-89AB-3D165D9771D9}.Release|Any CPU.Build.0 = Release|Any CPU
	EndGlobalSection
	GlobalSection(SolutionProperties) = preSolution
		HideSolutionNode = FALSE
	EndGlobalSection
	GlobalSection(ExtensibilityGlobals) = postSolution
		SolutionGuid = {8D546A5C-3750-42E6-8FF4-DE1E8F468ECD}
	EndGlobalSection
EndGlobal
