
Microsoft Visual Studio Solution File, Format Version 12.00
# Visual Studio Version 17
VisualStudioVersion = 17.5.33516.290
MinimumVisualStudioVersion = 10.0.40219.1
Project("{FAE04EC0-301F-11D3-BF4B-00C04F79EFBC}") = "StringReverse", "palindrome\StringReverse.csproj", "{1AD33297-383C-44DC-A71E-31982F1145CD}"
EndProject
Global
	GlobalSection(SolutionConfigurationPlatforms) = preSolution
		Debug|Any CPU = Debug|Any CPU
		Release|Any CPU = Release|Any CPU
	EndGlobalSection
	GlobalSection(ProjectConfigurationPlatforms) = postSolution
		{1AD33297-383C-44DC-A71E-31982F1145CD}.Debug|Any CPU.ActiveCfg = Debug|Any CPU
		{1AD33297-383C-44DC-A71E-31982F1145CD}.Debug|Any CPU.Build.0 = Debug|Any CPU
		{1AD33297-383C-44DC-A71E-31982F1145CD}.Release|Any CPU.ActiveCfg = Release|Any CPU
		{1AD33297-383C-44DC-A71E-31982F1145CD}.Release|Any CPU.Build.0 = Release|Any CPU
	EndGlobalSection
	GlobalSection(SolutionProperties) = preSolution
		HideSolutionNode = FALSE
	EndGlobalSection
	GlobalSection(ExtensibilityGlobals) = postSolution
		SolutionGuid = {03D4D5EB-1CB0-47F1-9FDF-154C3E122136}
	EndGlobalSection
EndGlobal
