
Microsoft Visual Studio Solution File, Format Version 12.00
# Visual Studio Version 17
VisualStudioVersion = 17.5.33516.290
MinimumVisualStudioVersion = 10.0.40219.1
Project("{FAE04EC0-301F-11D3-BF4B-00C04F79EFBC}") = "VotingUI", "VotingUI\VotingUI.csproj", "{10729CCF-E12F-466D-A52F-BBBC885E05A4}"
EndProject
Global
	GlobalSection(SolutionConfigurationPlatforms) = preSolution
		Debug|Any CPU = Debug|Any CPU
		Release|Any CPU = Release|Any CPU
	EndGlobalSection
	GlobalSection(ProjectConfigurationPlatforms) = postSolution
		{10729CCF-E12F-466D-A52F-BBBC885E05A4}.Debug|Any CPU.ActiveCfg = Debug|Any CPU
		{10729CCF-E12F-466D-A52F-BBBC885E05A4}.Debug|Any CPU.Build.0 = Debug|Any CPU
		{10729CCF-E12F-466D-A52F-BBBC885E05A4}.Release|Any CPU.ActiveCfg = Release|Any CPU
		{10729CCF-E12F-466D-A52F-BBBC885E05A4}.Release|Any CPU.Build.0 = Release|Any CPU
	EndGlobalSection
	GlobalSection(SolutionProperties) = preSolution
		HideSolutionNode = FALSE
	EndGlobalSection
	GlobalSection(ExtensibilityGlobals) = postSolution
		SolutionGuid = {97AF016A-71E6-4140-B3FC-50CABCB9F97B}
	EndGlobalSection
EndGlobal
