
Microsoft Visual Studio Solution File, Format Version 12.00
# Visual Studio Version 17
VisualStudioVersion = 17.5.33516.290
MinimumVisualStudioVersion = 10.0.40219.1
Project("{FAE04EC0-301F-11D3-BF4B-00C04F79EFBC}") = "strings", "strings\strings.csproj", "{673EAD26-9C08-4394-9840-2604FD0BE7C9}"
EndProject
Global
	GlobalSection(SolutionConfigurationPlatforms) = preSolution
		Debug|Any CPU = Debug|Any CPU
		Release|Any CPU = Release|Any CPU
	EndGlobalSection
	GlobalSection(ProjectConfigurationPlatforms) = postSolution
		{673EAD26-9C08-4394-9840-2604FD0BE7C9}.Debug|Any CPU.ActiveCfg = Debug|Any CPU
		{673EAD26-9C08-4394-9840-2604FD0BE7C9}.Debug|Any CPU.Build.0 = Debug|Any CPU
		{673EAD26-9C08-4394-9840-2604FD0BE7C9}.Release|Any CPU.ActiveCfg = Release|Any CPU
		{673EAD26-9C08-4394-9840-2604FD0BE7C9}.Release|Any CPU.Build.0 = Release|Any CPU
	EndGlobalSection
	GlobalSection(SolutionProperties) = preSolution
		HideSolutionNode = FALSE
	EndGlobalSection
	GlobalSection(ExtensibilityGlobals) = postSolution
		SolutionGuid = {7C8467D4-091F-4ACC-878F-2FC5303CE47F}
	EndGlobalSection
EndGlobal
