
Microsoft Visual Studio Solution File, Format Version 12.00
# Visual Studio Version 17
VisualStudioVersion = 17.5.33516.290
MinimumVisualStudioVersion = 10.0.40219.1
Project("{FAE04EC0-301F-11D3-BF4B-00C04F79EFBC}") = "suminarray", "suminarray\suminarray.csproj", "{DACFA227-1E39-4F02-9F8A-2499AE730CB2}"
EndProject
Global
	GlobalSection(SolutionConfigurationPlatforms) = preSolution
		Debug|Any CPU = Debug|Any CPU
		Release|Any CPU = Release|Any CPU
	EndGlobalSection
	GlobalSection(ProjectConfigurationPlatforms) = postSolution
		{DACFA227-1E39-4F02-9F8A-2499AE730CB2}.Debug|Any CPU.ActiveCfg = Debug|Any CPU
		{DACFA227-1E39-4F02-9F8A-2499AE730CB2}.Debug|Any CPU.Build.0 = Debug|Any CPU
		{DACFA227-1E39-4F02-9F8A-2499AE730CB2}.Release|Any CPU.ActiveCfg = Release|Any CPU
		{DACFA227-1E39-4F02-9F8A-2499AE730CB2}.Release|Any CPU.Build.0 = Release|Any CPU
	EndGlobalSection
	GlobalSection(SolutionProperties) = preSolution
		HideSolutionNode = FALSE
	EndGlobalSection
	GlobalSection(ExtensibilityGlobals) = postSolution
		SolutionGuid = {51A51C77-E6FE-4584-9EC9-6F30BE3E13F3}
	EndGlobalSection
EndGlobal
