
Microsoft Visual Studio Solution File, Format Version 12.00
# Visual Studio Version 17
VisualStudioVersion = 17.5.33516.290
MinimumVisualStudioVersion = 10.0.40219.1
Project("{FAE04EC0-301F-11D3-BF4B-00C04F79EFBC}") = "anagram", "anagram\anagram.csproj", "{7E470638-BD05-4D9E-A809-57978A502644}"
EndProject
Global
	GlobalSection(SolutionConfigurationPlatforms) = preSolution
		Debug|Any CPU = Debug|Any CPU
		Release|Any CPU = Release|Any CPU
	EndGlobalSection
	GlobalSection(ProjectConfigurationPlatforms) = postSolution
		{7E470638-BD05-4D9E-A809-57978A502644}.Debug|Any CPU.ActiveCfg = Debug|Any CPU
		{7E470638-BD05-4D9E-A809-57978A502644}.Debug|Any CPU.Build.0 = Debug|Any CPU
		{7E470638-BD05-4D9E-A809-57978A502644}.Release|Any CPU.ActiveCfg = Release|Any CPU
		{7E470638-BD05-4D9E-A809-57978A502644}.Release|Any CPU.Build.0 = Release|Any CPU
	EndGlobalSection
	GlobalSection(SolutionProperties) = preSolution
		HideSolutionNode = FALSE
	EndGlobalSection
	GlobalSection(ExtensibilityGlobals) = postSolution
		SolutionGuid = {2564C0FE-A15C-4B61-967F-9A5121057318}
	EndGlobalSection
EndGlobal
