
Microsoft Visual Studio Solution File, Format Version 12.00
# Visual Studio Version 17
VisualStudioVersion = 17.5.33516.290
MinimumVisualStudioVersion = 10.0.40219.1
Project("{FAE04EC0-301F-11D3-BF4B-00C04F79EFBC}") = "practiceq0s", "practiceq0s\practiceq0s.csproj", "{96CE777B-E32D-4D2B-AFA6-E2B1068F0704}"
EndProject
Global
	GlobalSection(SolutionConfigurationPlatforms) = preSolution
		Debug|Any CPU = Debug|Any CPU
		Release|Any CPU = Release|Any CPU
	EndGlobalSection
	GlobalSection(ProjectConfigurationPlatforms) = postSolution
		{96CE777B-E32D-4D2B-AFA6-E2B1068F0704}.Debug|Any CPU.ActiveCfg = Debug|Any CPU
		{96CE777B-E32D-4D2B-AFA6-E2B1068F0704}.Debug|Any CPU.Build.0 = Debug|Any CPU
		{96CE777B-E32D-4D2B-AFA6-E2B1068F0704}.Release|Any CPU.ActiveCfg = Release|Any CPU
		{96CE777B-E32D-4D2B-AFA6-E2B1068F0704}.Release|Any CPU.Build.0 = Release|Any CPU
	EndGlobalSection
	GlobalSection(SolutionProperties) = preSolution
		HideSolutionNode = FALSE
	EndGlobalSection
	GlobalSection(ExtensibilityGlobals) = postSolution
		SolutionGuid = {B26D3A58-2C3B-4B3A-B358-8850078E612C}
	EndGlobalSection
EndGlobal
