
Microsoft Visual Studio Solution File, Format Version 12.00
# Visual Studio Version 17
VisualStudioVersion = 17.5.33516.290
MinimumVisualStudioVersion = 10.0.40219.1
Project("{FAE04EC0-301F-11D3-BF4B-00C04F79EFBC}") = "linqmethod1", "linqmethod1\linqmethod1.csproj", "{FD7A466B-D3FC-466A-958B-70806B8287FD}"
EndProject
Global
	GlobalSection(SolutionConfigurationPlatforms) = preSolution
		Debug|Any CPU = Debug|Any CPU
		Release|Any CPU = Release|Any CPU
	EndGlobalSection
	GlobalSection(ProjectConfigurationPlatforms) = postSolution
		{FD7A466B-D3FC-466A-958B-70806B8287FD}.Debug|Any CPU.ActiveCfg = Debug|Any CPU
		{FD7A466B-D3FC-466A-958B-70806B8287FD}.Debug|Any CPU.Build.0 = Debug|Any CPU
		{FD7A466B-D3FC-466A-958B-70806B8287FD}.Release|Any CPU.ActiveCfg = Release|Any CPU
		{FD7A466B-D3FC-466A-958B-70806B8287FD}.Release|Any CPU.Build.0 = Release|Any CPU
	EndGlobalSection
	GlobalSection(SolutionProperties) = preSolution
		HideSolutionNode = FALSE
	EndGlobalSection
	GlobalSection(ExtensibilityGlobals) = postSolution
		SolutionGuid = {96CC2F50-624B-45EA-8959-D43546B33B32}
	EndGlobalSection
EndGlobal
