
Microsoft Visual Studio Solution File, Format Version 12.00
# Visual Studio Version 17
VisualStudioVersion = 17.5.33516.290
MinimumVisualStudioVersion = 10.0.40219.1
Project("{FAE04EC0-301F-11D3-BF4B-00C04F79EFBC}") = "selection sort2", "selection sort2\selection sort2.csproj", "{FD93686A-A504-418F-84DC-52AF77981AFC}"
EndProject
Global
	GlobalSection(SolutionConfigurationPlatforms) = preSolution
		Debug|Any CPU = Debug|Any CPU
		Release|Any CPU = Release|Any CPU
	EndGlobalSection
	GlobalSection(ProjectConfigurationPlatforms) = postSolution
		{FD93686A-A504-418F-84DC-52AF77981AFC}.Debug|Any CPU.ActiveCfg = Debug|Any CPU
		{FD93686A-A504-418F-84DC-52AF77981AFC}.Debug|Any CPU.Build.0 = Debug|Any CPU
		{FD93686A-A504-418F-84DC-52AF77981AFC}.Release|Any CPU.ActiveCfg = Release|Any CPU
		{FD93686A-A504-418F-84DC-52AF77981AFC}.Release|Any CPU.Build.0 = Release|Any CPU
	EndGlobalSection
	GlobalSection(SolutionProperties) = preSolution
		HideSolutionNode = FALSE
	EndGlobalSection
	GlobalSection(ExtensibilityGlobals) = postSolution
		SolutionGuid = {505E9531-432F-4774-9235-80B47F836D4E}
	EndGlobalSection
EndGlobal
